
Microsoft Visual Studio Solution File, Format Version 12.00
# Visual Studio 15
VisualStudioVersion = 15.0.28307.572
MinimumVisualStudioVersion = 10.0.40219.1
Project("{FAE04EC0-301F-11D3-BF4B-00C04F79EFBC}") = "TaigaPlanningPokerListMaker", "TaigaPlanningPokerListMaker\TaigaPlanningPokerListMaker.csproj", "{DB9C1615-8934-4444-8FC9-53ABBDEABC4D}"
EndProject
Global
	GlobalSection(SolutionConfigurationPlatforms) = preSolution
		Debug|Any CPU = Debug|Any CPU
		Release|Any CPU = Release|Any CPU
	EndGlobalSection
	GlobalSection(ProjectConfigurationPlatforms) = postSolution
		{DB9C1615-8934-4444-8FC9-53ABBDEABC4D}.Debug|Any CPU.ActiveCfg = Debug|Any CPU
		{DB9C1615-8934-4444-8FC9-53ABBDEABC4D}.Debug|Any CPU.Build.0 = Debug|Any CPU
		{DB9C1615-8934-4444-8FC9-53ABBDEABC4D}.Release|Any CPU.ActiveCfg = Release|Any CPU
		{DB9C1615-8934-4444-8FC9-53ABBDEABC4D}.Release|Any CPU.Build.0 = Release|Any CPU
	EndGlobalSection
	GlobalSection(SolutionProperties) = preSolution
		HideSolutionNode = FALSE
	EndGlobalSection
	GlobalSection(ExtensibilityGlobals) = postSolution
		SolutionGuid = {E6271E2A-A9B9-45C1-B86E-BE7B75676C18}
	EndGlobalSection
EndGlobal
